
Microsoft Visual Studio Solution File, Format Version 12.00
# Visual Studio Version 17
VisualStudioVersion = 17.14.36623.8 d17.14
MinimumVisualStudioVersion = 10.0.40219.1
Project("{FAE04EC0-301F-11D3-BF4B-00C04F79EFBC}") = "Week6StringandArrays", "Week6StringandArrays\Week6StringandArrays.csproj", "{7A6618B7-1EF1-4062-9F33-054379B91A38}"
EndProject
Project("{FAE04EC0-301F-11D3-BF4B-00C04F79EFBC}") = "Arrays", "Arrays\Arrays.csproj", "{606C48E7-8F12-4200-BC3F-198C626E9DC3}"
EndProject
Global
	GlobalSection(SolutionConfigurationPlatforms) = preSolution
		Debug|Any CPU = Debug|Any CPU
		Release|Any CPU = Release|Any CPU
	EndGlobalSection
	GlobalSection(ProjectConfigurationPlatforms) = postSolution
		{7A6618B7-1EF1-4062-9F33-054379B91A38}.Debug|Any CPU.ActiveCfg = Debug|Any CPU
		{7A6618B7-1EF1-4062-9F33-054379B91A38}.Debug|Any CPU.Build.0 = Debug|Any CPU
		{7A6618B7-1EF1-4062-9F33-054379B91A38}.Release|Any CPU.ActiveCfg = Release|Any CPU
		{7A6618B7-1EF1-4062-9F33-054379B91A38}.Release|Any CPU.Build.0 = Release|Any CPU
		{606C48E7-8F12-4200-BC3F-198C626E9DC3}.Debug|Any CPU.ActiveCfg = Debug|Any CPU
		{606C48E7-8F12-4200-BC3F-198C626E9DC3}.Debug|Any CPU.Build.0 = Debug|Any CPU
		{606C48E7-8F12-4200-BC3F-198C626E9DC3}.Release|Any CPU.ActiveCfg = Release|Any CPU
		{606C48E7-8F12-4200-BC3F-198C626E9DC3}.Release|Any CPU.Build.0 = Release|Any CPU
	EndGlobalSection
	GlobalSection(SolutionProperties) = preSolution
		HideSolutionNode = FALSE
	EndGlobalSection
	GlobalSection(ExtensibilityGlobals) = postSolution
		SolutionGuid = {7E8B7AF2-AC08-4F02-9147-404D9A25FF90}
	EndGlobalSection
EndGlobal
